
Microsoft Visual Studio Solution File, Format Version 12.00
# Visual Studio 2013
VisualStudioVersion = 12.0.40629.0
MinimumVisualStudioVersion = 10.0.40219.1
Project("{FAE04EC0-301F-11D3-BF4B-00C04F79EFBC}") = "WebApi_TokenBased", "WebApi_TokenBased\WebApi_TokenBased.csproj", "{8ABF947B-5CAD-4954-BEF4-A0B0D634EFAD}"
EndProject
Global
	GlobalSection(SolutionConfigurationPlatforms) = preSolution
		Debug|Any CPU = Debug|Any CPU
		Release|Any CPU = Release|Any CPU
	EndGlobalSection
	GlobalSection(ProjectConfigurationPlatforms) = postSolution
		{8ABF947B-5CAD-4954-BEF4-A0B0D634EFAD}.Debug|Any CPU.ActiveCfg = Debug|Any CPU
		{8ABF947B-5CAD-4954-BEF4-A0B0D634EFAD}.Debug|Any CPU.Build.0 = Debug|Any CPU
		{8ABF947B-5CAD-4954-BEF4-A0B0D634EFAD}.Release|Any CPU.ActiveCfg = Release|Any CPU
		{8ABF947B-5CAD-4954-BEF4-A0B0D634EFAD}.Release|Any CPU.Build.0 = Release|Any CPU
	EndGlobalSection
	GlobalSection(SolutionProperties) = preSolution
		HideSolutionNode = FALSE
	EndGlobalSection
EndGlobal
